dependencies:
- name: common
  repository: oci://registry-1.docker.io/bitnamicharts
  version: 2.30.0
- name: temporal
  repository: https://go.temporal.io/helm-charts
  version: 0.60.0
- name: keda
  repository: https://kedacore.github.io/charts
  version: 2.16.1
- name: kube-prometheus-stack
  repository: https://prometheus-community.github.io/helm-charts
  version: 70.4.1
digest: sha256:8c53be324f5de3cb6b01941bb9d8620b900bf66c7ff43118c6edd26ebe6310ee
generated: "2025-04-03T14:15:06.943837+01:00"
